{
  "name": "neat",
  "lockfileVersion": 2,
  "requires": true,
  "packages": {
    "": {
      "dependencies": {
        "@types/p5": "^1.7.4"
      }
    },
    "node_modules/@types/p5": {
      "version": "1.7.4",
      "resolved": "https://registry.npmjs.org/@types/p5/-/p5-1.7.4.tgz",
      "integrity": "sha512-cMF3SvlBSzJV9m3enUYBx9UvJmQP9fxmPS17EDtYJVCQwwNMc/BRrDtHUHaxZH+BhuESNuUnfUKNVpJIjRT+Xw=="
    }
  },
  "dependencies": {
    "@types/p5": {
      "version": "1.7.4",
      "resolved": "https://registry.npmjs.org/@types/p5/-/p5-1.7.4.tgz",
      "integrity": "sha512-cMF3SvlBSzJV9m3enUYBx9UvJmQP9fxmPS17EDtYJVCQwwNMc/BRrDtHUHaxZH+BhuESNuUnfUKNVpJIjRT+Xw=="
    }
  }
}
